
Microsoft Visual Studio Solution File, Format Version 12.00
# Visual Studio 14
VisualStudioVersion = 14.0.25420.1
MinimumVisualStudioVersion = 10.0.40219.1
Project("{FAE04EC0-301F-11D3-BF4B-00C04F79EFBC}") = "TestApp", "TestApp\TestApp.csproj", "{28B10CD3-1E32-4787-845D-2733AAC03F13}"
EndProject
Project("{FAE04EC0-301F-11D3-BF4B-00C04F79EFBC}") = "Entities", "Entities\Entities.csproj", "{C471B8CB-67D0-4BA4-AA56-9734FBD2560F}"
EndProject
Project("{FAE04EC0-301F-11D3-BF4B-00C04F79EFBC}") = "Business", "Business\Business.csproj", "{60369352-3C6C-46C2-9D08-F737019CBF30}"
EndProject
Project("{FAE04EC0-301F-11D3-BF4B-00C04F79EFBC}") = "DAL", "DAL\DAL.csproj", "{275F5CC8-F77D-439B-A002-6420BFD9B518}"
EndProject
Project("{FAE04EC0-301F-11D3-BF4B-00C04F79EFBC}") = "WebApplication", "WebApplication\WebApplication.csproj", "{ACE9F885-8E09-41D5-BB2F-729E41C8B9F2}"
EndProject
Global
	GlobalSection(SolutionConfigurationPlatforms) = preSolution
		Debug|Any CPU = Debug|Any CPU
		Release|Any CPU = Release|Any CPU
	EndGlobalSection
	GlobalSection(ProjectConfigurationPlatforms) = postSolution
		{28B10CD3-1E32-4787-845D-2733AAC03F13}.Debug|Any CPU.ActiveCfg = Debug|Any CPU
		{28B10CD3-1E32-4787-845D-2733AAC03F13}.Debug|Any CPU.Build.0 = Debug|Any CPU
		{28B10CD3-1E32-4787-845D-2733AAC03F13}.Release|Any CPU.ActiveCfg = Release|Any CPU
		{28B10CD3-1E32-4787-845D-2733AAC03F13}.Release|Any CPU.Build.0 = Release|Any CPU
		{C471B8CB-67D0-4BA4-AA56-9734FBD2560F}.Debug|Any CPU.ActiveCfg = Debug|Any CPU
		{C471B8CB-67D0-4BA4-AA56-9734FBD2560F}.Debug|Any CPU.Build.0 = Debug|Any CPU
		{C471B8CB-67D0-4BA4-AA56-9734FBD2560F}.Release|Any CPU.ActiveCfg = Release|Any CPU
		{C471B8CB-67D0-4BA4-AA56-9734FBD2560F}.Release|Any CPU.Build.0 = Release|Any CPU
		{60369352-3C6C-46C2-9D08-F737019CBF30}.Debug|Any CPU.ActiveCfg = Debug|Any CPU
		{60369352-3C6C-46C2-9D08-F737019CBF30}.Debug|Any CPU.Build.0 = Debug|Any CPU
		{60369352-3C6C-46C2-9D08-F737019CBF30}.Release|Any CPU.ActiveCfg = Release|Any CPU
		{60369352-3C6C-46C2-9D08-F737019CBF30}.Release|Any CPU.Build.0 = Release|Any CPU
		{275F5CC8-F77D-439B-A002-6420BFD9B518}.Debug|Any CPU.ActiveCfg = Debug|Any CPU
		{275F5CC8-F77D-439B-A002-6420BFD9B518}.Debug|Any CPU.Build.0 = Debug|Any CPU
		{275F5CC8-F77D-439B-A002-6420BFD9B518}.Release|Any CPU.ActiveCfg = Release|Any CPU
		{275F5CC8-F77D-439B-A002-6420BFD9B518}.Release|Any CPU.Build.0 = Release|Any CPU
		{ACE9F885-8E09-41D5-BB2F-729E41C8B9F2}.Debug|Any CPU.ActiveCfg = Debug|Any CPU
		{ACE9F885-8E09-41D5-BB2F-729E41C8B9F2}.Debug|Any CPU.Build.0 = Debug|Any CPU
		{ACE9F885-8E09-41D5-BB2F-729E41C8B9F2}.Release|Any CPU.ActiveCfg = Release|Any CPU
		{ACE9F885-8E09-41D5-BB2F-729E41C8B9F2}.Release|Any CPU.Build.0 = Release|Any CPU
	EndGlobalSection
	GlobalSection(SolutionProperties) = preSolution
		HideSolutionNode = FALSE
	EndGlobalSection
EndGlobal
